
Microsoft Visual Studio Solution File, Format Version 12.00
# Visual Studio Version 17
VisualStudioVersion = 17.5.33530.505
MinimumVisualStudioVersion = 10.0.40219.1
Project("{FAE04EC0-301F-11D3-BF4B-00C04F79EFBC}") = "КПиЯП", "КПиЯП\КПиЯП.csproj", "{036DA39F-BD2C-4D02-AEC5-FA9CC2466BD0}"
EndProject
Global
	GlobalSection(SolutionConfigurationPlatforms) = preSolution
		Debug|Any CPU = Debug|Any CPU
		Release|Any CPU = Release|Any CPU
	EndGlobalSection
	GlobalSection(ProjectConfigurationPlatforms) = postSolution
		{036DA39F-BD2C-4D02-AEC5-FA9CC2466BD0}.Debug|Any CPU.ActiveCfg = Debug|Any CPU
		{036DA39F-BD2C-4D02-AEC5-FA9CC2466BD0}.Debug|Any CPU.Build.0 = Debug|Any CPU
		{036DA39F-BD2C-4D02-AEC5-FA9CC2466BD0}.Release|Any CPU.ActiveCfg = Release|Any CPU
		{036DA39F-BD2C-4D02-AEC5-FA9CC2466BD0}.Release|Any CPU.Build.0 = Release|Any CPU
	EndGlobalSection
	GlobalSection(SolutionProperties) = preSolution
		HideSolutionNode = FALSE
	EndGlobalSection
	GlobalSection(ExtensibilityGlobals) = postSolution
		SolutionGuid = {7F56B099-47A1-4901-91B0-FE627841145B}
	EndGlobalSection
EndGlobal
